
Microsoft Visual Studio Solution File, Format Version 12.00
# Visual Studio Version 17
VisualStudioVersion = 17.0.31903.59
MinimumVisualStudioVersion = 10.0.40219.1
Project("{2150E333-8FDC-42A3-9474-1A3956D46DE8}") = "ProcessLogger", "ProcessLogger", "{43D6A6A7-9D00-42F3-88F0-DB74068D3F3E}"
EndProject
Project("{FAE04EC0-301F-11D3-BF4B-00C04F79EFBC}") = "ProcessLogger", "ProcessLogger\ProcessLogger\ProcessLogger.csproj", "{86104E93-E674-43EC-BA98-9B9CCCC524D6}"
EndProject
Global
	GlobalSection(SolutionConfigurationPlatforms) = preSolution
		Debug|Any CPU = Debug|Any CPU
		Release|Any CPU = Release|Any CPU
	EndGlobalSection
	GlobalSection(SolutionProperties) = preSolution
		HideSolutionNode = FALSE
	EndGlobalSection
	GlobalSection(ProjectConfigurationPlatforms) = postSolution
		{86104E93-E674-43EC-BA98-9B9CCCC524D6}.Debug|Any CPU.ActiveCfg = Debug|Any CPU
		{86104E93-E674-43EC-BA98-9B9CCCC524D6}.Debug|Any CPU.Build.0 = Debug|Any CPU
		{86104E93-E674-43EC-BA98-9B9CCCC524D6}.Release|Any CPU.ActiveCfg = Release|Any CPU
		{86104E93-E674-43EC-BA98-9B9CCCC524D6}.Release|Any CPU.Build.0 = Release|Any CPU
	EndGlobalSection
	GlobalSection(NestedProjects) = preSolution
		{86104E93-E674-43EC-BA98-9B9CCCC524D6} = {43D6A6A7-9D00-42F3-88F0-DB74068D3F3E}
	EndGlobalSection
EndGlobal
